
Microsoft Visual Studio Solution File, Format Version 12.00
# Visual Studio Version 16
VisualStudioVersion = 16.0.33027.164
MinimumVisualStudioVersion = 10.0.40219.1
Project("{FAE04EC0-301F-11D3-BF4B-00C04F79EFBC}") = "sadprroject", "sadprroject\sadprroject.csproj", "{C43B0B11-D6D7-4AD9-94B0-61932CC7E88C}"
EndProject
Project("{54435603-DBB4-11D2-8724-00A0C9A8B90C}") = "Setup1", "Setup1\Setup1.vdproj", "{11EDAB5C-CFF2-45BA-9EF8-CFA7D834DB35}"
EndProject
Global
	GlobalSection(SolutionConfigurationPlatforms) = preSolution
		Debug|Any CPU = Debug|Any CPU
		Release|Any CPU = Release|Any CPU
	EndGlobalSection
	GlobalSection(ProjectConfigurationPlatforms) = postSolution
		{C43B0B11-D6D7-4AD9-94B0-61932CC7E88C}.Debug|Any CPU.ActiveCfg = Debug|Any CPU
		{C43B0B11-D6D7-4AD9-94B0-61932CC7E88C}.Debug|Any CPU.Build.0 = Debug|Any CPU
		{C43B0B11-D6D7-4AD9-94B0-61932CC7E88C}.Release|Any CPU.ActiveCfg = Release|Any CPU
		{C43B0B11-D6D7-4AD9-94B0-61932CC7E88C}.Release|Any CPU.Build.0 = Release|Any CPU
		{11EDAB5C-CFF2-45BA-9EF8-CFA7D834DB35}.Debug|Any CPU.ActiveCfg = Debug
		{11EDAB5C-CFF2-45BA-9EF8-CFA7D834DB35}.Release|Any CPU.ActiveCfg = Release
	EndGlobalSection
	GlobalSection(SolutionProperties) = preSolution
		HideSolutionNode = FALSE
	EndGlobalSection
	GlobalSection(ExtensibilityGlobals) = postSolution
		SolutionGuid = {CD9CE7B5-E864-4712-BF25-F01E11C9EE19}
	EndGlobalSection
EndGlobal
